PODS:
  - connectivity_plus (0.0.1):
    - Flutter
    - FlutterMacOS
  - devicesafetyinfo (0.0.1):
    - Flutter
    - IOSSecuritySuite
  - Flutter (1.0.0)
  - integration_test (0.0.1):
    - Flutter
  - IOSSecuritySuite (1.9.11)
  - package_info_plus (0.4.5):
    - Flutter

DEPENDENCIES:
  - connectivity_plus (from `.symlinks/plugins/connectivity_plus/darwin`)
  - devicesafetyinfo (from `.symlinks/plugins/devicesafetyinfo/ios`)
  - Flutter (from `Flutter`)
  - integration_test (from `.symlinks/plugins/integration_test/ios`)
  - package_info_plus (from `.symlinks/plugins/package_info_plus/ios`)

SPEC REPOS:
  trunk:
    - IOSSecuritySuite

EXTERNAL SOURCES:
  connectivity_plus:
    :path: ".symlinks/plugins/connectivity_plus/darwin"
  devicesafetyinfo:
    :path: ".symlinks/plugins/devicesafetyinfo/ios"
  Flutter:
    :path: Flutter
  integration_test:
    :path: ".symlinks/plugins/integration_test/ios"
  package_info_plus:
    :path: ".symlinks/plugins/package_info_plus/ios"

SPEC CHECKSUMS:
  connectivity_plus: ddd7f30999e1faaef5967c23d5b6d503d10434db
  devicesafetyinfo: 3aef7d7d3f1d438ce2fbea23e3f48d8b361ad1c4
  Flutter: e0871f40cf51350855a761d2e70bf5af5b9b5de7
  integration_test: 13825b8a9334a850581300559b8839134b124670
  IOSSecuritySuite: b51056d5411aee567153ca86ce7f6edfdc5d2654
  package_info_plus: 58f0028419748fad15bf008b270aaa8e54380b1c

PODFILE CHECKSUM: 819463e6a0290f5a72f145ba7cde16e8b6ef0796

COCOAPODS: 1.15.2
