PODS:
  - CocoaAsyncSocket (7.6.5)
  - device_safety_info (1.4.0):
    - Flutter
    - IOSSecuritySuite (~> 1.9)
  - Flutter (1.0.0)
  - integration_test (0.0.1):
    - Flutter
  - IOSSecuritySuite (1.9.11)
  - patrol (0.0.1):
    - CocoaAsyncSocket (~> 7.6)
    - Flutter
    - FlutterMacOS

DEPENDENCIES:
  - device_safety_info (from `.symlinks/plugins/device_safety_info/ios`)
  - Flutter (from `Flutter`)
  - integration_test (from `.symlinks/plugins/integration_test/ios`)
  - patrol (from `.symlinks/plugins/patrol/darwin`)

SPEC REPOS:
  trunk:
    - CocoaAsyncSocket
    - IOSSecuritySuite

EXTERNAL SOURCES:
  device_safety_info:
    :path: ".symlinks/plugins/device_safety_info/ios"
  Flutter:
    :path: Flutter
  integration_test:
    :path: ".symlinks/plugins/integration_test/ios"
  patrol:
    :path: ".symlinks/plugins/patrol/darwin"

SPEC CHECKSUMS:
  CocoaAsyncSocket: 065fd1e645c7abab64f7a6a2007a48038fdc6a99
  device_safety_info: 4bb1d4ac541a76d7448aeb07aaca81349001893f
  Flutter: 71a624a5bc0c04062bf19101d501e466baf2fb47
  integration_test: 4a889634ef21a45d28d50d622cf412dc6d9f586e
  IOSSecuritySuite: b51056d5411aee567153ca86ce7f6edfdc5d2654
  patrol: 09773d9cd563ec54230813755b3231b2e8252aac

PODFILE CHECKSUM: 5880fc8e3a9a6b9d5c0c83aedd1b593e2182a17f

COCOAPODS: 1.17.0
